// !$*UTF8*$!
{
	archiveVersion = 1;
	classes = {
	};
	objectVersion = 50;
	objects = {

/* Begin PBXBuildFile section */
		F83DF4B626FC66470099C1A1 /* AppDelegate.swift in Sources */ = {isa = PBXBuildFile; fileRef = F83DF4B526FC66470099C1A1 /* AppDelegate.swift */; };
		F83DF4B826FC66470099C1A1 /* SceneDelegate.swift in Sources */ = {isa = PBXBuildFile; fileRef = F83DF4B726FC66470099C1A1 /* SceneDelegate.swift */; };
		F83DF4BA26FC66470099C1A1 /* ViewController.swift in Sources */ = {isa = PBXBuildFile; fileRef = F83DF4B926FC66470099C1A1 /* ViewController.swift */; };
		F83DF4BD26FC66470099C1A1 /* Main.storyboard in Resources */ = {isa = PBXBuildFile; fileRef = F83DF4BB26FC66470099C1A1 /* Main.storyboard */; };
		F83DF4BF26FC66490099C1A1 /* Assets.xcassets in Resources */ = {isa = PBXBuildFile; fileRef = F83DF4BE26FC66490099C1A1 /* Assets.xcassets */; };
		F83DF4C226FC66490099C1A1 /* LaunchScreen.storyboard in Resources */ = {isa = PBXBuildFile; fileRef = F83DF4C026FC66490099C1A1 /* LaunchScreen.storyboard */; };
/* End PBXBuildFile section */

/* Begin PBXFileReference section */
		F83DF4B226FC66470099C1A1 /* GenericType.app */ = {isa = PBXFileReference; explicitFileType = wrapper.application; includeInIndex = 0; path = GenericType.app; sourceTree = BUILT_PRODUCTS_DIR; };
		F83DF4B526FC66470099C1A1 /* AppDelegate.swift */ = {isa = PBXFileReference; lastKnownFileType = sourcecode.swift; path = AppDelegate.swift; sourceTree = "<group>"; };
		F83DF4B726FC66470099C1A1 /* SceneDelegate.swift */ = {isa = PBXFileReference; lastKnownFileType = sourcecode.swift; path = SceneDelegate.swift; sourceTree = "<group>"; };
		F83DF4B926FC66470099C1A1 /* ViewController.swift */ = {isa = PBXFileReference; lastKnownFileType = sourcecode.swift; path = ViewController.swift; sourceTree = "<group>"; };
		F83DF4BC26FC66470099C1A1 /* Base */ = {isa = PBXFileReference; lastKnownFileType = file.storyboard; name = Base; path = Base.lproj/Main.storyboard; sourceTree = "<group>"; };
		F83DF4BE26FC66490099C1A1 /* Assets.xcassets */ = {isa = PBXFileReference; lastKnownFileType = folder.assetcatalog; path = Assets.xcassets; sourceTree = "<group>"; };
		F83DF4C126FC66490099C1A1 /* Base */ = {isa = PBXFileReference; lastKnownFileType = file.storyboard; name = Base; path = Base.lproj/LaunchScreen.storyboard; sourceTree = "<group>"; };
		F83DF4C326FC66490099C1A1 /* Info.plist */ = {isa = PBXFileReference; lastKnownFileType = text.plist.xml; path = Info.plist; sourceTree = "<group>"; };
/* End PBXFileReference section */

/* Begin PBXFrameworksBuildPhase section */
		F83DF4AF26FC66470099C1A1 /* Frameworks */ = {
			isa = PBXFrameworksBuildPhase;
			buildActionMask = 2147483647;
			files = (
			);
			runOnlyForDeploymentPostprocessing = 0;
		};
/* End PBXFrameworksBuildPhase section */

/* Begin PBXGroup section */
		F83DF4A926FC66470099C1A1 = {
			isa = PBXGroup;
			children = (
				F83DF4B426FC66470099C1A1 /* GenericType */,
				F83DF4B326FC66470099C1A1 /* Products */,
			);
			sourceTree = "<group>";
		};
		F83DF4B326FC66470099C1A1 /* Products */ = {
			isa = PBXGroup;
			children = (
				F83DF4B226FC66470099C1A1 /* GenericType.app */,
			);
			name = Products;
			sourceTree = "<group>";
		};
		F83DF4B426FC66470099C1A1 /* GenericType */ = {
			isa = PBXGroup;
			children = (
				F83DF4B526FC66470099C1A1 /* AppDelegate.swift */,
				F83DF4B726FC66470099C1A1 /* SceneDelegate.swift */,
				F83DF4B926FC66470099C1A1 /* ViewController.swift */,
				F83DF4BB26FC66470099C1A1 /* Main.storyboard */,
				F83DF4BE26FC66490099C1A1 /* Assets.xcassets */,
				F83DF4C026FC66490099C1A1 /* LaunchScreen.storyboard */,
				F83DF4C326FC66490099C1A1 /* Info.plist */,
			);
			path = GenericType;
			sourceTree = "<group>";
		};
/* End PBXGroup section */

/* Begin PBXNativeTarget section */
		F83DF4B126FC66470099C1A1 /* GenericType */ = {
			isa = PBXNativeTarget;
			buildConfigurationList = F83DF4C626FC66490099C1A1 /* Build configuration list for PBXNativeTarget "GenericType" */;
			buildPhases = (
				F83DF4AE26FC66470099C1A1 /* Sources */,
				F83DF4AF26FC66470099C1A1 /* Frameworks */,
				F83DF4B026FC66470099C1A1 /* Resources */,
			);
			buildRules = (
			);
			dependencies = (
			);
			name = GenericType;
			productName = GenericType;
			productReference = F83DF4B226FC66470099C1A1 /* GenericType.app */;
			productType = "com.apple.product-type.application";
		};
/* End PBXNativeTarget section */

/* Begin PBXProject section */
		F83DF4AA26FC66470099C1A1 /* Project object */ = {
			isa = PBXProject;
			attributes = {
				LastSwiftUpdateCheck = 1240;
				LastUpgradeCheck = 1240;
				TargetAttributes = {
					F83DF4B126FC66470099C1A1 = {
						CreatedOnToolsVersion = 12.4;
					};
				};
			};
			buildConfigurationList = F83DF4AD26FC66470099C1A1 /* Build configuration list for PBXProject "GenericType" */;
			compatibilityVersion = "Xcode 9.3";
			developmentRegion = en;
			hasScannedForEncodings = 0;
			knownRegions = (
				en,
				Base,
			);
			mainGroup = F83DF4A926FC66470099C1A1;
			productRefGroup = F83DF4B326FC66470099C1A1 /* Products */;
			projectDirPath = "";
			projectRoot = "";
			targets = (
				F83DF4B126FC66470099C1A1 /* GenericType */,
			);
		};
/* End PBXProject section */

/* Begin PBXResourcesBuildPhase section */
		F83DF4B026FC66470099C1A1 /* Resources */ = {
			isa = PBXResourcesBuildPhase;
			buildActionMask = 2147483647;
			files = (
				F83DF4C226FC66490099C1A1 /* LaunchScreen.storyboard in Resources */,
				F83DF4BF26FC66490099C1A1 /* Assets.xcassets in Resources */,
				F83DF4BD26FC66470099C1A1 /* Main.storyboard in Resources */,
			);
			runOnlyForDeploymentPostprocessing = 0;
		};
/* End PBXResourcesBuildPhase section */

/* Begin PBXSourcesBuildPhase section */
		F83DF4AE26FC66470099C1A1 /* Sources */ = {
			isa = PBXSourcesBuildPhase;
			buildActionMask = 2147483647;
			files = (
				F83DF4BA26FC66470099C1A1 /* ViewController.swift in Sources */,
				F83DF4B626FC66470099C1A1 /* AppDelegate.swift in Sources */,
				F83DF4B826FC66470099C1A1 /* SceneDelegate.swift in Sources */,
			);
			runOnlyForDeploymentPostprocessing = 0;
		};
/* End PBXSourcesBuildPhase section */

/* Begin PBXVariantGroup section */
		F83DF4BB26FC66470099C1A1 /* Main.storyboard */ = {
			isa = PBXVariantGroup;
			children = (
				F83DF4BC26FC66470099C1A1 /* Base */,
			);
			name = Main.storyboard;
			sourceTree = "<group>";
		};
		F83DF4C026FC66490099C1A1 /* LaunchScreen.storyboard */ = {
			isa = PBXVariantGroup;
			children = (
				F83DF4C126FC66490099C1A1 /* Base */,
			);
			name = LaunchScreen.storyboard;
			sourceTree = "<group>";
		};
/* End PBXVariantGroup section */

/* Begin XCBuildConfiguration section */
		F83DF4C426FC66490099C1A1 /* Debug */ = {
			isa = XCBuildConfiguration;
			buildSettings = {
				ALWAYS_SEARCH_USER_PATHS = NO;
				CLANG_ANALYZER_NONNULL = YES;
				CLANG_ANALYZER_NUMBER_OBJECT_CONVERSION = YES_AGGRESSIVE;
				CLANG_CXX_LANGUAGE_STANDARD = "gnu++14";
				CLANG_CXX_LIBRARY = "libc++";
				CLANG_ENABLE_MODULES = YES;
				CLANG_ENABLE_OBJC_ARC = YES;
				CLANG_ENABLE_OBJC_WEAK = YES;
				CLANG_WARN_BLOCK_CAPTURE_AUTORELEASING = YES;
				CLANG_WARN_BOOL_CONVERSION = YES;
				CLANG_WARN_COMMA = YES;
				CLANG_WARN_CONSTANT_CONVERSION = YES;
				CLANG_WARN_DEPRECATED_OBJC_IMPLEMENTATIONS = YES;
				CLANG_WARN_DIRECT_OBJC_ISA_USAGE = YES_ERROR;
				CLANG_WARN_DOCUMENTATION_COMMENTS = YES;
				CLANG_WARN_EMPTY_BODY = YES;
				CLANG_WARN_ENUM_CONVERSION = YES;
				CLANG_WARN_INFINITE_RECURSION = YES;
				CLANG_WARN_INT_CONVERSION = YES;
				CLANG_WARN_NON_LITERAL_NULL_CONVERSION = YES;
				CLANG_WARN_OBJC_IMPLICIT_RETAIN_SELF = YES;
				CLANG_WARN_OBJC_LITERAL_CONVERSION = YES;
				CLANG_WARN_OBJC_ROOT_CLASS = YES_ERROR;
				CLANG_WARN_QUOTED_INCLUDE_IN_FRAMEWORK_HEADER = YES;
				CLANG_WARN_RANGE_LOOP_ANALYSIS = YES;
				CLANG_WARN_STRICT_PROTOTYPES = YES;
				CLANG_WARN_SUSPICIOUS_MOVE = YES;
				CLANG_WARN_UNGUARDED_AVAILABILITY = YES_AGGRESSIVE;
				CLANG_WARN_UNREACHABLE_CODE = YES;
				CLANG_WARN__DUPLICATE_METHOD_MATCH = YES;
				COPY_PHASE_STRIP = NO;
				DEBUG_INFORMATION_FORMAT = dwarf;
				ENABLE_STRICT_OBJC_MSGSEND = YES;
				ENABLE_TESTABILITY = YES;
				GCC_C_LANGUAGE_STANDARD = gnu11;
				GCC_DYNAMIC_NO_PIC = NO;
				GCC_NO_COMMON_BLOCKS = YES;
				GCC_OPTIMIZATION_LEVEL = 0;
				GCC_PREPROCESSOR_DEFINITIONS = (
					"DEBUG=1",
					"$(inherited)",
				);
				GCC_WARN_64_TO_32_BIT_CONVERSION = YES;
				GCC_WARN_ABOUT_RETURN_TYPE = YES_ERROR;
				GCC_WARN_UNDECLARED_SELECTOR = YES;
				GCC_WARN_UNINITIALIZED_AUTOS = YES_AGGRESSIVE;
				GCC_WARN_UNUSED_FUNCTION = YES;
				GCC_WARN_UNUSED_VARIABLE = YES;
				IPHONEOS_DEPLOYMENT_TARGET = 14.4;
				MTL_ENABLE_DEBUG_INFO = INCLUDE_SOURCE;
				MTL_FAST_MATH = YES;
				ONLY_ACTIVE_ARCH = YES;
				SDKROOT = iphoneos;
				SWIFT_ACTIVE_COMPILATION_CONDITIONS = DEBUG;
				SWIFT_OPTIMIZATION_LEVEL = "-Onone";
			};
			name = Debug;
		};
		F83DF4C526FC66490099C1A1 /* Release */ = {
			isa = XCBuildConfiguration;
			buildSettings = {
				ALWAYS_SEARCH_USER_PATHS = NO;
				CLANG_ANALYZER_NONNULL = YES;
				CLANG_ANALYZER_NUMBER_OBJECT_CONVERSION = YES_AGGRESSIVE;
				CLANG_CXX_LANGUAGE_STANDARD = "gnu++14";
				CLANG_CXX_LIBRARY = "libc++";
				CLANG_ENABLE_MODULES = YES;
				CLANG_ENABLE_OBJC_ARC = YES;
				CLANG_ENABLE_OBJC_WEAK = YES;
				CLANG_WARN_BLOCK_CAPTURE_AUTORELEASING = YES;
				CLANG_WARN_BOOL_CONVERSION = YES;
				CLANG_WARN_COMMA = YES;
				CLANG_WARN_CONSTANT_CONVERSION = YES;
				CLANG_WARN_DEPRECATED_OBJC_IMPLEMENTATIONS = YES;
				CLANG_WARN_DIRECT_OBJC_ISA_USAGE = YES_ERROR;
				CLANG_WARN_DOCUMENTATION_COMMENTS = YES;
				CLANG_WARN_EMPTY_BODY = YES;
				CLANG_WARN_ENUM_CONVERSION = YES;
				CLANG_WARN_INFINITE_RECURSION = YES;
				CLANG_WARN_INT_CONVERSION = YES;
				CLANG_WARN_NON_LITERAL_NULL_CONVERSION = YES;
				CLANG_WARN_OBJC_IMPLICIT_RETAIN_SELF = YES;
				CLANG_WARN_OBJC_LITERAL_CONVERSION = YES;
				CLANG_WARN_OBJC_ROOT_CLASS = YES_ERROR;
				CLANG_WARN_QUOTED_INCLUDE_IN_FRAMEWORK_HEADER = YES;
				CLANG_WARN_RANGE_LOOP_ANALYSIS = YES;
				CLANG_WARN_STRICT_PROTOTYPES = YES;
				CLANG_WARN_SUSPICIOUS_MOVE = YES;
				CLANG_WARN_UNGUARDED_AVAILABILITY = YES_AGGRESSIVE;
				CLANG_WARN_UNREACHABLE_CODE = YES;
				CLANG_WARN__DUPLICATE_METHOD_MATCH = YES;
				COPY_PHASE_STRIP = NO;
				DEBUG_INFORMATION_FORMAT = "dwarf-with-dsym";
				ENABLE_NS_ASSERTIONS = NO;
				ENABLE_STRICT_OBJC_MSGSEND = YES;
				GCC_C_LANGUAGE_STANDARD = gnu11;
				GCC_NO_COMMON_BLOCKS = YES;
				GCC_WARN_64_TO_32_BIT_CONVERSION = YES;
				GCC_WARN_ABOUT_RETURN_TYPE = YES_ERROR;
				GCC_WARN_UNDECLARED_SELECTOR = YES;
				GCC_WARN_UNINITIALIZED_AUTOS = YES_AGGRESSIVE;
				GCC_WARN_UNUSED_FUNCTION = YES;
				GCC_WARN_UNUSED_VARIABLE = YES;
				IPHONEOS_DEPLOYMENT_TARGET = 14.4;
				MTL_ENABLE_DEBUG_INFO = NO;
				MTL_FAST_MATH = YES;
				SDKROOT = iphoneos;
				SWIFT_COMPILATION_MODE = wholemodule;
				SWIFT_OPTIMIZATION_LEVEL = "-O";
				VALIDATE_PRODUCT = YES;
			};
			name = Release;
		};
		F83DF4C726FC66490099C1A1 /* Debug */ = {
			isa = XCBuildConfiguration;
			buildSettings = {
				ASSETCATALOG_COMPILER_APPICON_NAME = AppIcon;
				ASSETCATALOG_COMPILER_GLOBAL_ACCENT_COLOR_NAME = AccentColor;
				CODE_SIGN_STYLE = Automatic;
				DEVELOPMENT_TEAM = 2584UNKWXQ;
				INFOPLIST_FILE = GenericType/Info.plist;
				LD_RUNPATH_SEARCH_PATHS = (
					"$(inherited)",
					"@executable_path/Frameworks",
				);
				PRODUCT_BUNDLE_IDENTIFIER = com.serkanApp.GenericType;
				PRODUCT_NAME = "$(TARGET_NAME)";
				SWIFT_VERSION = 5.0;
				TARGETED_DEVICE_FAMILY = "1,2";
			};
			name = Debug;
		};
		F83DF4C826FC66490099C1A1 /* Release */ = {
			isa = XCBuildConfiguration;
			buildSettings = {
				ASSETCATALOG_COMPILER_APPICON_NAME = AppIcon;
				ASSETCATALOG_COMPILER_GLOBAL_ACCENT_COLOR_NAME = AccentColor;
				CODE_SIGN_STYLE = Automatic;
				DEVELOPMENT_TEAM = 2584UNKWXQ;
				INFOPLIST_FILE = GenericType/Info.plist;
				LD_RUNPATH_SEARCH_PATHS = (
					"$(inherited)",
					"@executable_path/Frameworks",
				);
				PRODUCT_BUNDLE_IDENTIFIER = com.serkanApp.GenericType;
				PRODUCT_NAME = "$(TARGET_NAME)";
				SWIFT_VERSION = 5.0;
				TARGETED_DEVICE_FAMILY = "1,2";
			};
			name = Release;
		};
/* End XCBuildConfiguration section */

/* Begin XCConfigurationList section */
		F83DF4AD26FC66470099C1A1 /* Build configuration list for PBXProject "GenericType" */ = {
			isa = XCConfigurationList;
			buildConfigurations = (
				F83DF4C426FC66490099C1A1 /* Debug */,
				F83DF4C526FC66490099C1A1 /* Release */,
			);
			defaultConfigurationIsVisible = 0;
			defaultConfigurationName = Release;
		};
		F83DF4C626FC66490099C1A1 /* Build configuration list for PBXNativeTarget "GenericType" */ = {
			isa = XCConfigurationList;
			buildConfigurations = (
				F83DF4C726FC66490099C1A1 /* Debug */,
				F83DF4C826FC66490099C1A1 /* Release */,
			);
			defaultConfigurationIsVisible = 0;
			defaultConfigurationName = Release;
		};
/* End XCConfigurationList section */
	};
	rootObject = F83DF4AA26FC66470099C1A1 /* Project object */;
}
